
Microsoft Visual Studio Solution File, Format Version 12.00
# Visual Studio Version 17
VisualStudioVersion = 17.5.002.0
MinimumVisualStudioVersion = 10.0.40219.1
Project("{9A19103F-16F7-4668-BE54-9A1E7A4F7556}") = "SerpentRAT", "SerpentRAT.csproj", "{35C97115-F19E-48F5-9709-615F1A98BD93}"
EndProject
Global
	GlobalSection(SolutionConfigurationPlatforms) = preSolution
		Debug|Any CPU = Debug|Any CPU
		Release|Any CPU = Release|Any CPU
	EndGlobalSection
	GlobalSection(ProjectConfigurationPlatforms) = postSolution
		{35C97115-F19E-48F5-9709-615F1A98BD93}.Debug|Any CPU.ActiveCfg = Debug|Any CPU
		{35C97115-F19E-48F5-9709-615F1A98BD93}.Debug|Any CPU.Build.0 = Debug|Any CPU
		{35C97115-F19E-48F5-9709-615F1A98BD93}.Release|Any CPU.ActiveCfg = Release|Any CPU
		{35C97115-F19E-48F5-9709-615F1A98BD93}.Release|Any CPU.Build.0 = Release|Any CPU
	EndGlobalSection
	GlobalSection(SolutionProperties) = preSolution
		HideSolutionNode = FALSE
	EndGlobalSection
	GlobalSection(ExtensibilityGlobals) = postSolution
		SolutionGuid = {10B1F11B-E069-4FFE-A87B-D12E66C4729A}
	EndGlobalSection
EndGlobal
